
Microsoft Visual Studio Solution File, Format Version 12.00
# Visual Studio Version 17
VisualStudioVersion = 17.5.33627.172
MinimumVisualStudioVersion = 10.0.40219.1
Project("{FAE04EC0-301F-11D3-BF4B-00C04F79EFBC}") = "InAndOut", "InAndOut\InAndOut.csproj", "{602BFEE6-E7EA-4EBF-B965-754C7B6BB9A1}"
EndProject
Global
	GlobalSection(SolutionConfigurationPlatforms) = preSolution
		Debug|Any CPU = Debug|Any CPU
		Release|Any CPU = Release|Any CPU
	EndGlobalSection
	GlobalSection(ProjectConfigurationPlatforms) = postSolution
		{602BFEE6-E7EA-4EBF-B965-754C7B6BB9A1}.Debug|Any CPU.ActiveCfg = Debug|Any CPU
		{602BFEE6-E7EA-4EBF-B965-754C7B6BB9A1}.Debug|Any CPU.Build.0 = Debug|Any CPU
		{602BFEE6-E7EA-4EBF-B965-754C7B6BB9A1}.Release|Any CPU.ActiveCfg = Release|Any CPU
		{602BFEE6-E7EA-4EBF-B965-754C7B6BB9A1}.Release|Any CPU.Build.0 = Release|Any CPU
	EndGlobalSection
	GlobalSection(SolutionProperties) = preSolution
		HideSolutionNode = FALSE
	EndGlobalSection
	GlobalSection(ExtensibilityGlobals) = postSolution
		SolutionGuid = {A670B7EB-6ECA-4668-815B-66D82DB00A9D}
	EndGlobalSection
EndGlobal
